# This file is automatically @generated by Cargo.
# It is not intended for manual editing.
version = 3

[[package]]
name = "autocfg"
version = "1.1.0"
source = "registry+https://github.com/rust-lang/crates.io-index"
checksum = "d468802bab17cbc0cc575e9b053f41e72aa36bfa6b7f55e3529ffa43161b97fa"

[[package]]
name = "bencher"
version = "0.1.5"
source = "registry+https://github.com/rust-lang/crates.io-index"
checksum = "7dfdb4953a096c551ce9ace855a604d702e6e62d77fac690575ae347571717f5"

[[package]]
name = "cfg-if"
version = "1.0.0"
source = "registry+https://github.com/rust-lang/crates.io-index"
checksum = "baf1de4339761588bc0619e3cbc0120ee582ebb74b53b4efbf79117bd2da40fd"

[[package]]
name = "crossbeam-channel"
version = "0.5.8"
source = "registry+https://github.com/rust-lang/crates.io-index"
checksum = "a33c2bf77f2df06183c3aa30d1e96c0695a313d4f9c453cc3762a6db39f99200"
dependencies = [
 "cfg-if",
 "crossbeam-utils",
]

[[package]]
name = "crossbeam-utils"
version = "0.8.15"
source = "registry+https://github.com/rust-lang/crates.io-index"
checksum = "3c063cd8cc95f5c377ed0d4b49a4b21f632396ff690e8470c29b3359b346984b"
dependencies = [
 "cfg-if",
]

[[package]]
name = "either"
version = "1.8.1"
source = "registry+https://github.com/rust-lang/crates.io-index"
checksum = "7fcaabb2fef8c910e7f4c7ce9f67a1283a1715879a7c230ca9d6d1ae31f16d91"

[[package]]
name = "hermit-abi"
version = "0.2.6"
source = "registry+https://github.com/rust-lang/crates.io-index"
checksum = "ee512640fe35acbfb4bb779db6f0d80704c2cacfa2e39b601ef3e3f47d1ae4c7"
dependencies = [
 "libc",
]

[[package]]
name = "itertools"
version = "0.8.2"
source = "registry+https://github.com/rust-lang/crates.io-index"
checksum = "f56a2d0bc861f9165be4eb3442afd3c236d8a98afd426f65d92324ae1091a484"
dependencies = [
 "either",
]

[[package]]
name = "libc"
version = "0.2.141"
source = "registry+https://github.com/rust-lang/crates.io-index"
checksum = "3304a64d199bb964be99741b7a14d26972741915b3649639149b2479bb46f4b5"

[[package]]
name = "matrixmultiply"
version = "0.3.7"
dependencies = [
 "autocfg",
 "bencher",
 "itertools",
 "num_cpus",
 "once_cell",
 "rawpointer",
 "thread-tree",
]

[[package]]
name = "num_cpus"
version = "1.15.0"
source = "registry+https://github.com/rust-lang/crates.io-index"
checksum = "0fac9e2da13b5eb447a6ce3d392f23a29d8694bff781bf03a16cd9ac8697593b"
dependencies = [
 "hermit-abi",
 "libc",
]

[[package]]
name = "once_cell"
version = "1.17.1"
source = "registry+https://github.com/rust-lang/crates.io-index"
checksum = "b7e5500299e16ebb147ae15a00a942af264cf3688f47923b8fc2cd5858f23ad3"

[[package]]
name = "rawpointer"
version = "0.2.1"
source = "registry+https://github.com/rust-lang/crates.io-index"
checksum = "60a357793950651c4ed0f3f52338f53b2f809f32d83a07f72909fa13e4c6c1e3"

[[package]]
name = "thread-tree"
version = "0.3.3"
source = "registry+https://github.com/rust-lang/crates.io-index"
checksum = "ffbd370cb847953a25954d9f63e14824a36113f8c72eecf6eccef5dc4b45d630"
dependencies = [
 "crossbeam-channel",
]
