dependencies:
- name: postgresql
  repository: https://charts.bitnami.com/bitnami
  version: 12.0.0
- name: common-utilities
  repository: https://coda-charts.storage.googleapis.com
  version: 0.1.2
digest: sha256:7fa15ab96b656488c905d8c769d7c22d25e4c7f80e633042e1b129355b9484f6
generated: "2022-11-01T03:08:12.303124381-04:00"
