dependencies:
- name: postgresql
  repository: https://charts.bitnami.com/bitnami
  version: 10.*
- name: common-utilities
  repository: https://coda-charts.storage.googleapis.com
  version: 0.1.2
digest: sha256:3c56cfa3a57d36fcb408fa65c6bf3dea7c1c9fd445dd9203a36beb6770b7e238
generated: "2022-10-31T16:49:53.03657756-04:00"
