dependencies:
- name: postgresql
  repository: https://charts.bitnami.com/bitnami
  version: 12.1.2
- name: common-utilities
  repository: https://coda-charts.storage.googleapis.com
  version: 0.1.2
digest: sha256:ebc4de14180ef32cee926c4b07e580c408d2b853ca391a87252e9eab6207651a
generated: "2022-11-23T06:26:31.539560301-05:00"
