# THIS IS AN AUTOGENERATED FILE. DO NOT EDIT THIS FILE DIRECTLY.
# yarn lockfile v1


"@types/node@^13.7.0":
  version "13.7.0"
  resolved "https://registry.yarnpkg.com/@types/node/-/node-13.7.0.tgz#b417deda18cf8400f278733499ad5547ed1abec4"
  integrity sha512-GnZbirvmqZUzMgkFn70c74OQpTTUcCzlhQliTzYjQMqg+hVKcDnxdL19Ne3UdYzdMA/+W3eb646FWn/ZaT1NfQ==

bs-platform@^7.0.2-dev.2:
  version "7.0.2-dev.2"
  resolved "https://registry.yarnpkg.com/bs-platform/-/bs-platform-7.0.2-dev.2.tgz#ae055440ce075348179f84bac591ff874201e082"
  integrity sha512-IMHf+9JNrBZy4jpbDZROPjF/13xro5rGGuGmRqlbJe0rImXtHZMmT3jNFXveou/F5hKU8c40jpQEGdUUNv1iFA==

gentype@^3.11.0:
  version "3.44.0"
  resolved "https://registry.yarnpkg.com/gentype/-/gentype-3.44.0.tgz#38f182d94bd3bef904da69122548182dcb27773d"
  integrity sha512-+nbBrz3LO+OpiLr4tw8Mdy8LB/4vhGRfmiXMdZZFDNbK9k09KWIe071Zl8sOBlL+CAt7Nl1DyRVAaruhb9wuOw==

typescript@^3.7.5:
  version "3.7.5"
  resolved "https://registry.yarnpkg.com/typescript/-/typescript-3.7.5.tgz#0692e21f65fd4108b9330238aac11dd2e177a1ae"
  integrity sha512-/P5lkRXkWHNAbcJIiHPfRoKqyd7bsyCma1hZNUGfn20qm64T6ZBlrzprymeu918H+mB/0rIg2gGK/BXkhhYgBw==
