{
  "name": "test-signer",
  "version": "1.0.0",
  "lockfileVersion": 3,
  "requires": true,
  "packages": {
    "": {
      "name": "test-signer",
      "version": "1.0.0",
      "license": "ISC",
      "dependencies": {
        "mina-signer": "^1.0.0"
      },
      "bin": {
        "mina-test-signer": "mina-test-signer.js"
      }
    },
    "node_modules/blakejs": {
      "version": "1.2.1",
      "resolved": "https://registry.npmjs.org/blakejs/-/blakejs-1.2.1.tgz",
      "integrity": "sha512-QXUSXI3QVc/gJME0dBpXrag1kbzOqCjCX8/b54ntNyW6sjtoqxqRk3LTmXzaJoh71zMsDCjM+47jS7XiwN/+fQ=="
    },
    "node_modules/js-sha256": {
      "version": "0.9.0",
      "resolved": "https://registry.npmjs.org/js-sha256/-/js-sha256-0.9.0.tgz",
      "integrity": "sha512-sga3MHh9sgQN2+pJ9VYZ+1LPwXOxuBJBA5nrR5/ofPfuiJBE2hnjsaN8se8JznOmGLN2p49Pe5U/ttafcs/apA=="
    },
    "node_modules/mina-signer": {
      "version": "1.7.0",
      "resolved": "https://registry.npmjs.org/mina-signer/-/mina-signer-1.7.0.tgz",
      "integrity": "sha512-VA7MO8mNrDETl3FDhPbabQMkTRSxCYkjBGKcZLAA+ICdF8BwMZZ5Dne7RlssOB2S3xTWTZ5wsGk/ArH1EIh/VA==",
      "dependencies": {
        "blakejs": "^1.2.1",
        "js-sha256": "^0.9.0"
      }
    }
  }
}
