[0m[1mmodule.skynet.module.kubernetes_testnet.data.google_client_config.current: Reading...[0m[0m
[0m[1mmodule.skynet.module.kubernetes_testnet.data.google_client_config.current: Read complete after 0s [id=projects//regions//zones/][0m
[0m[1mmodule.skynet.data.aws_route53_zone.selected: Reading...[0m[0m
[0m[1mmodule.skynet.data.aws_route53_zone.selected: Read complete after 1s [id=ZJPR9NA6W9M7F][0m

Terraform used the selected providers to generate the following execution
plan. Resource actions are indicated with the following symbols:
  [32m+[0m create
 [36m<=[0m read (data resources)
[0m
Terraform will perform the following actions:

[1m  # module.skynet.data.local_file.genesis_ledger[0m will be read during apply[0m
  # (depends on a resource or a module with changes pending)[0m
[0m [36m<=[0m[0m data "local_file" "genesis_ledger" {
      [32m+[0m [0m[1m[0mcontent[0m[0m        = (known after apply)
      [32m+[0m [0m[1m[0mcontent_base64[0m[0m = (known after apply)
      [32m+[0m [0m[1m[0mfilename[0m[0m       = "/home/telecomsteve/Documents/Github/mina/automation/terraform/testnets/skynet/genesis_ledger.json"
      [32m+[0m [0m[1m[0mid[0m[0m             = (known after apply)
    }

[1m  # module.skynet.data.local_file.libp2p_peers["fish-block-producer-1"][0m will be read during apply[0m
  # (depends on a resource or a module with changes pending)[0m
[0m [36m<=[0m[0m data "local_file" "libp2p_peers" {
      [32m+[0m [0m[1m[0mcontent[0m[0m        = (known after apply)
      [32m+[0m [0m[1m[0mcontent_base64[0m[0m = (known after apply)
      [32m+[0m [0m[1m[0mfilename[0m[0m       = "../../modules/o1-testnet/../../../keys/libp2p/skynet/fish-block-producer-1"
      [32m+[0m [0m[1m[0mid[0m[0m             = (known after apply)
    }

[1m  # module.skynet.data.local_file.libp2p_peers["fish-block-producer-2"][0m will be read during apply[0m
  # (depends on a resource or a module with changes pending)[0m
[0m [36m<=[0m[0m data "local_file" "libp2p_peers" {
      [32m+[0m [0m[1m[0mcontent[0m[0m        = (known after apply)
      [32m+[0m [0m[1m[0mcontent_base64[0m[0m = (known after apply)
      [32m+[0m [0m[1m[0mfilename[0m[0m       = "../../modules/o1-testnet/../../../keys/libp2p/skynet/fish-block-producer-2"
      [32m+[0m [0m[1m[0mid[0m[0m             = (known after apply)
    }

[1m  # module.skynet.data.local_file.libp2p_peers["whale-block-producer-1"][0m will be read during apply[0m
  # (depends on a resource or a module with changes pending)[0m
[0m [36m<=[0m[0m data "local_file" "libp2p_peers" {
      [32m+[0m [0m[1m[0mcontent[0m[0m        = (known after apply)
      [32m+[0m [0m[1m[0mcontent_base64[0m[0m = (known after apply)
      [32m+[0m [0m[1m[0mfilename[0m[0m       = "../../modules/o1-testnet/../../../keys/libp2p/skynet/whale-block-producer-1"
      [32m+[0m [0m[1m[0mid[0m[0m             = (known after apply)
    }

[1m  # module.skynet.data.local_file.libp2p_peers["whale-block-producer-2"][0m will be read during apply[0m
  # (depends on a resource or a module with changes pending)[0m
[0m [36m<=[0m[0m data "local_file" "libp2p_peers" {
      [32m+[0m [0m[1m[0mcontent[0m[0m        = (known after apply)
      [32m+[0m [0m[1m[0mcontent_base64[0m[0m = (known after apply)
      [32m+[0m [0m[1m[0mfilename[0m[0m       = "../../modules/o1-testnet/../../../keys/libp2p/skynet/whale-block-producer-2"
      [32m+[0m [0m[1m[0mid[0m[0m             = (known after apply)
    }

[1m  # module.skynet.data.local_file.libp2p_seed_peers["seed-1"][0m will be read during apply[0m
  # (depends on a resource or a module with changes pending)[0m
[0m [36m<=[0m[0m data "local_file" "libp2p_seed_peers" {
      [32m+[0m [0m[1m[0mcontent[0m[0m        = (known after apply)
      [32m+[0m [0m[1m[0mcontent_base64[0m[0m = (known after apply)
      [32m+[0m [0m[1m[0mfilename[0m[0m       = "../../modules/o1-testnet/../../../keys/libp2p/skynet/seed-1"
      [32m+[0m [0m[1m[0mid[0m[0m             = (known after apply)
    }

[1m  # module.skynet.data.local_file.libp2p_seed_peers["seed-2"][0m will be read during apply[0m
  # (depends on a resource or a module with changes pending)[0m
[0m [36m<=[0m[0m data "local_file" "libp2p_seed_peers" {
      [32m+[0m [0m[1m[0mcontent[0m[0m        = (known after apply)
      [32m+[0m [0m[1m[0mcontent_base64[0m[0m = (known after apply)
      [32m+[0m [0m[1m[0mfilename[0m[0m       = "../../modules/o1-testnet/../../../keys/libp2p/skynet/seed-2"
      [32m+[0m [0m[1m[0mid[0m[0m             = (known after apply)
    }

[1m  # module.skynet.aws_route53_record.seed_record[0][0m will be created[0m[0m
[0m  [32m+[0m[0m resource "aws_route53_record" "seed_record" {
      [32m+[0m [0m[1m[0mallow_overwrite[0m[0m = (known after apply)
      [32m+[0m [0m[1m[0mfqdn[0m[0m            = (known after apply)
      [32m+[0m [0m[1m[0mid[0m[0m              = (known after apply)
      [32m+[0m [0m[1m[0mname[0m[0m            = "seed-1.skynet.o1test.net"
      [32m+[0m [0m[1m[0mrecords[0m[0m         = (known after apply)
      [32m+[0m [0m[1m[0mttl[0m[0m             = 300
      [32m+[0m [0m[1m[0mtype[0m[0m            = "A"
      [32m+[0m [0m[1m[0mzone_id[0m[0m         = "ZJPR9NA6W9M7F"
    }

[1m  # module.skynet.aws_route53_record.seed_record[1][0m will be created[0m[0m
[0m  [32m+[0m[0m resource "aws_route53_record" "seed_record" {
      [32m+[0m [0m[1m[0mallow_overwrite[0m[0m = (known after apply)
      [32m+[0m [0m[1m[0mfqdn[0m[0m            = (known after apply)
      [32m+[0m [0m[1m[0mid[0m[0m              = (known after apply)
      [32m+[0m [0m[1m[0mname[0m[0m            = "seed-2.skynet.o1test.net"
      [32m+[0m [0m[1m[0mrecords[0m[0m         = (known after apply)
      [32m+[0m [0m[1m[0mttl[0m[0m             = 300
      [32m+[0m [0m[1m[0mtype[0m[0m            = "A"
      [32m+[0m [0m[1m[0mzone_id[0m[0m         = "ZJPR9NA6W9M7F"
    }

[1m  # module.skynet.google_compute_address.seed_static_ip[0][0m will be created[0m[0m
[0m  [32m+[0m[0m resource "google_compute_address" "seed_static_ip" {
      [32m+[0m [0m[1m[0maddress[0m[0m            = (known after apply)
      [32m+[0m [0m[1m[0maddress_type[0m[0m       = "EXTERNAL"
      [32m+[0m [0m[1m[0mcreation_timestamp[0m[0m = (known after apply)
      [32m+[0m [0m[1m[0mid[0m[0m                 = (known after apply)
      [32m+[0m [0m[1m[0mname[0m[0m               = "skynet-seed-static-ip-1"
      [32m+[0m [0m[1m[0mnetwork_tier[0m[0m       = (known after apply)
      [32m+[0m [0m[1m[0mproject[0m[0m            = "o1labs-192920"
      [32m+[0m [0m[1m[0mpurpose[0m[0m            = (known after apply)
      [32m+[0m [0m[1m[0mregion[0m[0m             = "us-central1"
      [32m+[0m [0m[1m[0mself_link[0m[0m          = (known after apply)
      [32m+[0m [0m[1m[0msubnetwork[0m[0m         = (known after apply)
      [32m+[0m [0m[1m[0musers[0m[0m              = (known after apply)
    }

[1m  # module.skynet.google_compute_address.seed_static_ip[1][0m will be created[0m[0m
[0m  [32m+[0m[0m resource "google_compute_address" "seed_static_ip" {
      [32m+[0m [0m[1m[0maddress[0m[0m            = (known after apply)
      [32m+[0m [0m[1m[0maddress_type[0m[0m       = "EXTERNAL"
      [32m+[0m [0m[1m[0mcreation_timestamp[0m[0m = (known after apply)
      [32m+[0m [0m[1m[0mid[0m[0m                 = (known after apply)
      [32m+[0m [0m[1m[0mname[0m[0m               = "skynet-seed-static-ip-2"
      [32m+[0m [0m[1m[0mnetwork_tier[0m[0m       = (known after apply)
      [32m+[0m [0m[1m[0mproject[0m[0m            = "o1labs-192920"
      [32m+[0m [0m[1m[0mpurpose[0m[0m            = (known after apply)
      [32m+[0m [0m[1m[0mregion[0m[0m             = "us-central1"
      [32m+[0m [0m[1m[0mself_link[0m[0m          = (known after apply)
      [32m+[0m [0m[1m[0msubnetwork[0m[0m         = (known after apply)
      [32m+[0m [0m[1m[0musers[0m[0m              = (known after apply)
    }

[1m  # module.skynet.null_resource.block_producer_key_generation[0m will be created[0m[0m
[0m  [32m+[0m[0m resource "null_resource" "block_producer_key_generation" {
      [32m+[0m [0m[1m[0mid[0m[0m = (known after apply)
    }

[1m  # module.skynet.null_resource.block_producer_uploads[0m will be created[0m[0m
[0m  [32m+[0m[0m resource "null_resource" "block_producer_uploads" {
      [32m+[0m [0m[1m[0mid[0m[0m = (known after apply)
    }

[1m  # module.skynet.null_resource.seed_list[0m will be created[0m[0m
[0m  [32m+[0m[0m resource "null_resource" "seed_list" {
      [32m+[0m [0m[1m[0mid[0m[0m = (known after apply)
    }

[1m  # module.skynet.module.kubernetes_testnet.helm_release.archive_node[0][0m will be created[0m[0m
[0m  [32m+[0m[0m resource "helm_release" "archive_node" {
      [32m+[0m [0m[1m[0matomic[0m[0m                     = false
      [32m+[0m [0m[1m[0mchart[0m[0m                      = "../../../../helm/archive-node"
      [32m+[0m [0m[1m[0mcleanup_on_fail[0m[0m            = false
      [32m+[0m [0m[1m[0mcreate_namespace[0m[0m           = false
      [32m+[0m [0m[1m[0mdependency_update[0m[0m          = false
      [32m+[0m [0m[1m[0mdisable_crd_hooks[0m[0m          = false
      [32m+[0m [0m[1m[0mdisable_openapi_validation[0m[0m = false
      [32m+[0m [0m[1m[0mdisable_webhooks[0m[0m           = false
      [32m+[0m [0m[1m[0mforce_update[0m[0m               = false
      [32m+[0m [0m[1m[0mid[0m[0m                         = (known after apply)
      [32m+[0m [0m[1m[0mlint[0m[0m                       = false
      [32m+[0m [0m[1m[0mmanifest[0m[0m                   = (known after apply)
      [32m+[0m [0m[1m[0mmax_history[0m[0m                = 0
      [32m+[0m [0m[1m[0mmetadata[0m[0m                   = (known after apply)
      [32m+[0m [0m[1m[0mname[0m[0m                       = "archive-1"
      [32m+[0m [0m[1m[0mnamespace[0m[0m                  = "skynet"
      [32m+[0m [0m[1m[0mrecreate_pods[0m[0m              = false
      [32m+[0m [0m[1m[0mrender_subchart_notes[0m[0m      = true
      [32m+[0m [0m[1m[0mreplace[0m[0m                    = false
      [32m+[0m [0m[1m[0mreset_values[0m[0m               = false
      [32m+[0m [0m[1m[0mreuse_values[0m[0m               = false
      [32m+[0m [0m[1m[0mskip_crds[0m[0m                  = false
      [32m+[0m [0m[1m[0mstatus[0m[0m                     = "deployed"
      [32m+[0m [0m[1m[0mtimeout[0m[0m                    = 600
      [32m+[0m [0m[1m[0mvalues[0m[0m                     = (known after apply)
      [32m+[0m [0m[1m[0mverify[0m[0m                     = false
      [32m+[0m [0m[1m[0mversion[0m[0m                    = "1.0.6"
      [32m+[0m [0m[1m[0mwait[0m[0m                       = false
      [32m+[0m [0m[1m[0mwait_for_jobs[0m[0m              = false
    }

[1m  # module.skynet.module.kubernetes_testnet.helm_release.archive_node[1][0m will be created[0m[0m
[0m  [32m+[0m[0m resource "helm_release" "archive_node" {
      [32m+[0m [0m[1m[0matomic[0m[0m                     = false
      [32m+[0m [0m[1m[0mchart[0m[0m                      = "../../../../helm/archive-node"
      [32m+[0m [0m[1m[0mcleanup_on_fail[0m[0m            = false
      [32m+[0m [0m[1m[0mcreate_namespace[0m[0m           = false
      [32m+[0m [0m[1m[0mdependency_update[0m[0m          = false
      [32m+[0m [0m[1m[0mdisable_crd_hooks[0m[0m          = false
      [32m+[0m [0m[1m[0mdisable_openapi_validation[0m[0m = false
      [32m+[0m [0m[1m[0mdisable_webhooks[0m[0m           = false
      [32m+[0m [0m[1m[0mforce_update[0m[0m               = false
      [32m+[0m [0m[1m[0mid[0m[0m                         = (known after apply)
      [32m+[0m [0m[1m[0mlint[0m[0m                       = false
      [32m+[0m [0m[1m[0mmanifest[0m[0m                   = (known after apply)
      [32m+[0m [0m[1m[0mmax_history[0m[0m                = 0
      [32m+[0m [0m[1m[0mmetadata[0m[0m                   = (known after apply)
      [32m+[0m [0m[1m[0mname[0m[0m                       = "archive-2"
      [32m+[0m [0m[1m[0mnamespace[0m[0m                  = "skynet"
      [32m+[0m [0m[1m[0mrecreate_pods[0m[0m              = false
      [32m+[0m [0m[1m[0mrender_subchart_notes[0m[0m      = true
      [32m+[0m [0m[1m[0mreplace[0m[0m                    = false
      [32m+[0m [0m[1m[0mreset_values[0m[0m               = false
      [32m+[0m [0m[1m[0mreuse_values[0m[0m               = false
      [32m+[0m [0m[1m[0mskip_crds[0m[0m                  = false
      [32m+[0m [0m[1m[0mstatus[0m[0m                     = "deployed"
      [32m+[0m [0m[1m[0mtimeout[0m[0m                    = 600
      [32m+[0m [0m[1m[0mvalues[0m[0m                     = (known after apply)
      [32m+[0m [0m[1m[0mverify[0m[0m                     = false
      [32m+[0m [0m[1m[0mversion[0m[0m                    = "1.0.6"
      [32m+[0m [0m[1m[0mwait[0m[0m                       = false
      [32m+[0m [0m[1m[0mwait_for_jobs[0m[0m              = false
    }

[1m  # module.skynet.module.kubernetes_testnet.helm_release.block_producers[0][0m will be created[0m[0m
[0m  [32m+[0m[0m resource "helm_release" "block_producers" {
      [32m+[0m [0m[1m[0matomic[0m[0m                     = false
      [32m+[0m [0m[1m[0mchart[0m[0m                      = "../../../../helm/block-producer"
      [32m+[0m [0m[1m[0mcleanup_on_fail[0m[0m            = false
      [32m+[0m [0m[1m[0mcreate_namespace[0m[0m           = false
      [32m+[0m [0m[1m[0mdependency_update[0m[0m          = false
      [32m+[0m [0m[1m[0mdisable_crd_hooks[0m[0m          = false
      [32m+[0m [0m[1m[0mdisable_openapi_validation[0m[0m = false
      [32m+[0m [0m[1m[0mdisable_webhooks[0m[0m           = false
      [32m+[0m [0m[1m[0mforce_update[0m[0m               = false
      [32m+[0m [0m[1m[0mid[0m[0m                         = (known after apply)
      [32m+[0m [0m[1m[0mlint[0m[0m                       = false
      [32m+[0m [0m[1m[0mmanifest[0m[0m                   = (known after apply)
      [32m+[0m [0m[1m[0mmax_history[0m[0m                = 0
      [32m+[0m [0m[1m[0mmetadata[0m[0m                   = (known after apply)
      [32m+[0m [0m[1m[0mname[0m[0m                       = "skynet-block-producers"
      [32m+[0m [0m[1m[0mnamespace[0m[0m                  = "skynet"
      [32m+[0m [0m[1m[0mrecreate_pods[0m[0m              = false
      [32m+[0m [0m[1m[0mrender_subchart_notes[0m[0m      = true
      [32m+[0m [0m[1m[0mreplace[0m[0m                    = false
      [32m+[0m [0m[1m[0mreset_values[0m[0m               = false
      [32m+[0m [0m[1m[0mreuse_values[0m[0m               = false
      [32m+[0m [0m[1m[0mskip_crds[0m[0m                  = false
      [32m+[0m [0m[1m[0mstatus[0m[0m                     = "deployed"
      [32m+[0m [0m[1m[0mtimeout[0m[0m                    = 600
      [32m+[0m [0m[1m[0mvalues[0m[0m                     = (known after apply)
      [32m+[0m [0m[1m[0mverify[0m[0m                     = false
      [32m+[0m [0m[1m[0mversion[0m[0m                    = "1.0.6"
      [32m+[0m [0m[1m[0mwait[0m[0m                       = false
      [32m+[0m [0m[1m[0mwait_for_jobs[0m[0m              = false
    }

[1m  # module.skynet.module.kubernetes_testnet.helm_release.seeds[0][0m will be created[0m[0m
[0m  [32m+[0m[0m resource "helm_release" "seeds" {
      [32m+[0m [0m[1m[0matomic[0m[0m                     = false
      [32m+[0m [0m[1m[0mchart[0m[0m                      = "../../../../helm/seed-node"
      [32m+[0m [0m[1m[0mcleanup_on_fail[0m[0m            = false
      [32m+[0m [0m[1m[0mcreate_namespace[0m[0m           = false
      [32m+[0m [0m[1m[0mdependency_update[0m[0m          = false
      [32m+[0m [0m[1m[0mdisable_crd_hooks[0m[0m          = false
      [32m+[0m [0m[1m[0mdisable_openapi_validation[0m[0m = false
      [32m+[0m [0m[1m[0mdisable_webhooks[0m[0m           = false
      [32m+[0m [0m[1m[0mforce_update[0m[0m               = false
      [32m+[0m [0m[1m[0mid[0m[0m                         = (known after apply)
      [32m+[0m [0m[1m[0mlint[0m[0m                       = false
      [32m+[0m [0m[1m[0mmanifest[0m[0m                   = (known after apply)
      [32m+[0m [0m[1m[0mmax_history[0m[0m                = 0
      [32m+[0m [0m[1m[0mmetadata[0m[0m                   = (known after apply)
      [32m+[0m [0m[1m[0mname[0m[0m                       = "skynet-seeds"
      [32m+[0m [0m[1m[0mnamespace[0m[0m                  = "skynet"
      [32m+[0m [0m[1m[0mrecreate_pods[0m[0m              = false
      [32m+[0m [0m[1m[0mrender_subchart_notes[0m[0m      = true
      [32m+[0m [0m[1m[0mreplace[0m[0m                    = false
      [32m+[0m [0m[1m[0mreset_values[0m[0m               = false
      [32m+[0m [0m[1m[0mreuse_values[0m[0m               = false
      [32m+[0m [0m[1m[0mskip_crds[0m[0m                  = false
      [32m+[0m [0m[1m[0mstatus[0m[0m                     = "deployed"
      [32m+[0m [0m[1m[0mtimeout[0m[0m                    = 600
      [32m+[0m [0m[1m[0mvalues[0m[0m                     = (known after apply)
      [32m+[0m [0m[1m[0mverify[0m[0m                     = false
      [32m+[0m [0m[1m[0mversion[0m[0m                    = "1.0.7"
      [32m+[0m [0m[1m[0mwait[0m[0m                       = false
      [32m+[0m [0m[1m[0mwait_for_jobs[0m[0m              = false
    }

[1m  # module.skynet.module.kubernetes_testnet.helm_release.watchdog[0][0m will be created[0m[0m
[0m  [32m+[0m[0m resource "helm_release" "watchdog" {
      [32m+[0m [0m[1m[0matomic[0m[0m                     = false
      [32m+[0m [0m[1m[0mchart[0m[0m                      = "../../../../helm/watchdog"
      [32m+[0m [0m[1m[0mcleanup_on_fail[0m[0m            = false
      [32m+[0m [0m[1m[0mcreate_namespace[0m[0m           = false
      [32m+[0m [0m[1m[0mdependency_update[0m[0m          = false
      [32m+[0m [0m[1m[0mdisable_crd_hooks[0m[0m          = false
      [32m+[0m [0m[1m[0mdisable_openapi_validation[0m[0m = false
      [32m+[0m [0m[1m[0mdisable_webhooks[0m[0m           = false
      [32m+[0m [0m[1m[0mforce_update[0m[0m               = false
      [32m+[0m [0m[1m[0mid[0m[0m                         = (known after apply)
      [32m+[0m [0m[1m[0mlint[0m[0m                       = false
      [32m+[0m [0m[1m[0mmanifest[0m[0m                   = (known after apply)
      [32m+[0m [0m[1m[0mmax_history[0m[0m                = 0
      [32m+[0m [0m[1m[0mmetadata[0m[0m                   = (known after apply)
      [32m+[0m [0m[1m[0mname[0m[0m                       = "skynet-watchdog"
      [32m+[0m [0m[1m[0mnamespace[0m[0m                  = "skynet"
      [32m+[0m [0m[1m[0mrecreate_pods[0m[0m              = false
      [32m+[0m [0m[1m[0mrender_subchart_notes[0m[0m      = true
      [32m+[0m [0m[1m[0mreplace[0m[0m                    = false
      [32m+[0m [0m[1m[0mreset_values[0m[0m               = false
      [32m+[0m [0m[1m[0mreuse_values[0m[0m               = false
      [32m+[0m [0m[1m[0mskip_crds[0m[0m                  = false
      [32m+[0m [0m[1m[0mstatus[0m[0m                     = "deployed"
      [32m+[0m [0m[1m[0mtimeout[0m[0m                    = 600
      [32m+[0m [0m[1m[0mvalues[0m[0m                     = [
          [32m+[0m [0m<<-EOT
                "image": "gcr.io/o1labs-192920/watchdog:0.4.5"
                "makeReportAccounts": ""
                "makeReportDiscordWebhookUrl": ""
                "makeReportEveryMins": "5"
                "makeReports": true
                "mina":
                  "image": "minaprotocol/mina-daemon:1.3.1beta1-compatible-8a582fd-focal-devnet"
                  "ports":
                    "metrics": 8000
                  "uploadBlocksToGCloud": false
                "restartEveryMins": "60"
                "restartNodes": false
                "seedPeersURL": ""
                "testnetName": "skynet"
            EOT,
        ]
      [32m+[0m [0m[1m[0mverify[0m[0m                     = false
      [32m+[0m [0m[1m[0mversion[0m[0m                    = "0.1.1"
      [32m+[0m [0m[1m[0mwait[0m[0m                       = false
      [32m+[0m [0m[1m[0mwait_for_jobs[0m[0m              = false
    }

[1m  # module.skynet.module.kubernetes_testnet.kubernetes_namespace.testnet_namespace[0m will be created[0m[0m
[0m  [32m+[0m[0m resource "kubernetes_namespace" "testnet_namespace" {
      [32m+[0m [0m[1m[0mid[0m[0m = (known after apply)

      [32m+[0m [0mmetadata {
          [32m+[0m [0m[1m[0mgeneration[0m[0m       = (known after apply)
          [32m+[0m [0m[1m[0mname[0m[0m             = "skynet"
          [32m+[0m [0m[1m[0mresource_version[0m[0m = (known after apply)
          [32m+[0m [0m[1m[0muid[0m[0m              = (known after apply)
        }

      [32m+[0m [0mtimeouts {
          [32m+[0m [0m[1m[0mdelete[0m[0m = "15m"
        }
    }

[1m  # module.skynet.module.kubernetes_testnet.kubernetes_role_binding.helm_release[0m will be created[0m[0m
[0m  [32m+[0m[0m resource "kubernetes_role_binding" "helm_release" {
      [32m+[0m [0m[1m[0mid[0m[0m = (known after apply)

      [32m+[0m [0mmetadata {
          [32m+[0m [0m[1m[0mgeneration[0m[0m       = (known after apply)
          [32m+[0m [0m[1m[0mname[0m[0m             = "admin-role"
          [32m+[0m [0m[1m[0mnamespace[0m[0m        = "skynet"
          [32m+[0m [0m[1m[0mresource_version[0m[0m = (known after apply)
          [32m+[0m [0m[1m[0muid[0m[0m              = (known after apply)
        }

      [32m+[0m [0mrole_ref {
          [32m+[0m [0m[1m[0mapi_group[0m[0m = "rbac.authorization.k8s.io"
          [32m+[0m [0m[1m[0mkind[0m[0m      = "ClusterRole"
          [32m+[0m [0m[1m[0mname[0m[0m      = "admin"
        }

      [32m+[0m [0msubject {
          [32m+[0m [0m[1m[0mapi_group[0m[0m = (known after apply)
          [32m+[0m [0m[1m[0mkind[0m[0m      = "ServiceAccount"
          [32m+[0m [0m[1m[0mname[0m[0m      = "default"
          [32m+[0m [0m[1m[0mnamespace[0m[0m = "skynet"
        }
    }

[0m[1mPlan:[0m 14 to add, 0 to change, 0 to destroy.
[0m[33m╷[0m[0m
[33m│[0m [0m[1m[33mWarning: [0m[0m[1mReference to undefined provider[0m
[33m│[0m [0m
[33m│[0m [0m[0m  on main.tf line 83, in module "skynet":
[33m│[0m [0m  83:     [4mgoogle[0m = google.google-us-central1[0m
[33m│[0m [0m
[33m│[0m [0mThere is no explicit declaration for local provider name "google" in module.skynet, so Terraform is assuming you mean to pass a configuration for "hashicorp/google".
[33m│[0m [0m
[33m│[0m [0mIf you also control the child module, add a required_providers entry named "google" with the source address "hashicorp/google".
[33m│[0m [0m
[33m│[0m [0m(and one more similar warning elsewhere)
[33m╵[0m[0m
[33m╷[0m[0m
[33m│[0m [0m[1m[33mWarning: [0m[0m[1mExperimental feature "module_variable_optional_attrs" is active[0m
[33m│[0m [0m
[33m│[0m [0m[0m  on ../../modules/o1-testnet/inputs.tf line 2, in terraform:
[33m│[0m [0m   2:   experiments = [[4mmodule_variable_optional_attrs[0m][0m
[33m│[0m [0m
[33m│[0m [0mExperimental features are subject to breaking changes in future minor or patch releases, based on feedback.
[33m│[0m [0m
[33m│[0m [0mIf you have feedback on the design of this feature, please open a GitHub issue to discuss it.
[33m│[0m [0m
[33m│[0m [0m(and one more similar warning elsewhere)
[33m╵[0m[0m
[33m╷[0m[0m
[33m│[0m [0m[1m[33mWarning: [0m[0m[1mRedundant empty provider block[0m
[33m│[0m [0m
[33m│[0m [0m[0m  on ../../modules/o1-testnet/inputs.tf line 5:
[33m│[0m [0m   5: [4mprovider "google"[0m {[0m
[33m│[0m [0m
[33m│[0m [0mEarlier versions of Terraform used empty provider blocks ("proxy provider configurations") for child modules to declare their need to be passed a provider configuration by their callers. That approach was ambiguous
[33m│[0m [0mand is now deprecated.
[33m│[0m [0m
[33m│[0m [0mIf you control this module, you can migrate to the new declaration syntax by removing all of the empty provider "google" blocks and then adding or updating an entry like the following to the required_providers block
[33m│[0m [0mof module.skynet:
[33m│[0m [0m    google = {
[33m│[0m [0m      source = "hashicorp/google"
[33m│[0m [0m      configuration_aliases = [
[33m│[0m [0m        google.gke,
[33m│[0m [0m      ]
[33m│[0m [0m    }
[33m╵[0m[0m
[90m
─────────────────────────────────────────────────────────────────────────────[0m

Note: You didn't use the -out option to save this plan, so Terraform can't
guarantee to take exactly these actions if you run "terraform apply" now.
