# THIS IS AN AUTOGENERATED FILE. DO NOT EDIT THIS FILE DIRECTLY.
# yarn lockfile v1


bs-fetch@^0.5.0:
  version "0.5.2"
  resolved "https://registry.yarnpkg.com/bs-fetch/-/bs-fetch-0.5.2.tgz#a9f4582ddb1414d3467b900305c738813481988c"
  integrity sha512-CYweTJcgLeLOqzR3vNsB+NmyEFhWThnPNdZmmF28nkFmo0CQEf+20eSHZJDO6EuAhhoRqJ0qp2VgxtH6zBB5xA==

bs-platform@7.0.0-dev.1:
  version "7.0.0-dev.1"
  resolved "https://registry.yarnpkg.com/bs-platform/-/bs-platform-7.0.0-dev.1.tgz#e9f2b05c68b16e325fc9a284ca529bb84fd5509b"
  integrity sha512-nXxk3oUBvp2o0D8Qc2JOKNeeYNg/wPVYj+eu4vPbWzR/dbhfc4bRG/QkU6z6DuV1aiDzGnKIBY06azYPuw4a+g==

bsc-stdlib-polyfill@Schmavery/bsc-stdlib-polyfill:
  version "0.0.1"
  resolved "https://codeload.github.com/Schmavery/bsc-stdlib-polyfill/tar.gz/b6e9bde87e80363572aa969b7af9c02ccfabe9de"

isomorphic-unfetch@^3.0.0:
  version "3.0.0"
  resolved "https://registry.yarnpkg.com/isomorphic-unfetch/-/isomorphic-unfetch-3.0.0.tgz#de6d80abde487b17de2c400a7ef9e5ecc2efb362"
  integrity sha512-V0tmJSYfkKokZ5mgl0cmfQMTb7MLHsBMngTkbLY0eXvKqiVRRoZP04Ly+KhKrJfKtzC9E6Pp15Jo+bwh7Vi2XQ==
  dependencies:
    node-fetch "^2.2.0"
    unfetch "^4.0.0"

node-fetch@^2.2.0:
  version "2.6.0"
  resolved "https://registry.yarnpkg.com/node-fetch/-/node-fetch-2.6.0.tgz#e633456386d4aa55863f676a7ab0daa8fdecb0fd"
  integrity sha512-8dG4H5ujfvFiqDmVu9fQ5bOHUC15JMjMY/Zumv26oOvvVJjM67KF8koCWIabKQ1GJIa9r2mMZscBq/TbdOcmNA==

unfetch@^4.0.0:
  version "4.1.0"
  resolved "https://registry.yarnpkg.com/unfetch/-/unfetch-4.1.0.tgz#6ec2dd0de887e58a4dee83a050ded80ffc4137db"
  integrity sha512-crP/n3eAPUJxZXM9T80/yv0YhkTEx2K1D3h7D1AJM6fzsWZrxdyRuLN0JH/dkZh1LNH8LxCnBzoPFCPbb2iGpg==
