{
  "name": "rescript-project-template",
  "version": "0.0.1",
  "lockfileVersion": 1,
  "requires": true,
  "dependencies": {
    "@elliottcable/bs-cmdliner": {
      "version": "10.2.2",
      "resolved": "https://registry.npmjs.org/@elliottcable/bs-cmdliner/-/bs-cmdliner-10.2.2.tgz",
      "integrity": "sha512-wcOOs1paCmvpTWbEhheNGlI4TqpDmNOrIyD4cZmw8+HCfkxpHW6OzNNg7cpIimK1HBEgIDA7dR9xizw8T1T6oQ=="
    },
    "@google-cloud/common": {
      "version": "3.4.1",
      "resolved": "https://registry.npmjs.org/@google-cloud/common/-/common-3.4.1.tgz",
      "integrity": "sha512-e5z0CwsM0RXky+PnyPtQ3QK46ksqm+kE7kX8pm8X+ddBwZJipHchKeazMM5fLlGCS+AALalzXb+uYmH72TRnpQ==",
      "requires": {
        "@google-cloud/projectify": "^2.0.0",
        "@google-cloud/promisify": "^2.0.0",
        "arrify": "^2.0.1",
        "duplexify": "^4.1.1",
        "ent": "^2.2.0",
        "extend": "^3.0.2",
        "google-auth-library": "^6.1.1",
        "retry-request": "^4.1.1",
        "teeny-request": "^7.0.0"
      }
    },
    "@google-cloud/logging": {
      "version": "8.0.8",
      "requires": {
        "@google-cloud/common": "^3.4.1",
        "@google-cloud/paginator": "^3.0.0",
        "@google-cloud/projectify": "^2.0.0",
        "@google-cloud/promisify": "^2.0.0",
        "@opencensus/propagation-stackdriver": "0.0.22",
        "arrify": "^2.0.1",
        "dot-prop": "^5.2.0",
        "eventid": "^1.0.0",
        "extend": "^3.0.2",
        "gcp-metadata": "^4.0.0",
        "google-auth-library": "^6.0.0",
        "google-gax": "^2.7.0",
        "is": "^3.3.0",
        "on-finished": "^2.3.0",
        "pumpify": "^2.0.1",
        "snakecase-keys": "^3.1.2",
        "stream-events": "^1.0.5",
        "through2": "^4.0.0",
        "type-fest": "^0.17.0"
      }
    },
    "@google-cloud/paginator": {
      "version": "3.0.5",
      "resolved": "https://registry.npmjs.org/@google-cloud/paginator/-/paginator-3.0.5.tgz",
      "integrity": "sha512-N4Uk4BT1YuskfRhKXBs0n9Lg2YTROZc6IMpkO/8DIHODtm5s3xY8K5vVBo23v/2XulY3azwITQlYWgT4GdLsUw==",
      "requires": {
        "arrify": "^2.0.0",
        "extend": "^3.0.2"
      }
    },
    "@google-cloud/projectify": {
      "version": "2.0.1",
      "resolved": "https://registry.npmjs.org/@google-cloud/projectify/-/projectify-2.0.1.tgz",
      "integrity": "sha512-ZDG38U/Yy6Zr21LaR3BTiiLtpJl6RkPS/JwoRT453G+6Q1DhlV0waNf8Lfu+YVYGIIxgKnLayJRfYlFJfiI8iQ=="
    },
    "@google-cloud/promisify": {
      "version": "2.0.3",
      "resolved": "https://registry.npmjs.org/@google-cloud/promisify/-/promisify-2.0.3.tgz",
      "integrity": "sha512-d4VSA86eL/AFTe5xtyZX+ePUjE8dIFu2T8zmdeNBSa5/kNgXPCx/o/wbFNHAGLJdGnk1vddRuMESD9HbOC8irw=="
    },
    "@grpc/grpc-js": {
      "version": "1.1.7",
      "resolved": "https://registry.npmjs.org/@grpc/grpc-js/-/grpc-js-1.1.7.tgz",
      "integrity": "sha512-EuxMstI0u778dp0nk6Fe3gHXYPeV6FYsWOe0/QFwxv1NQ6bc5Wl/0Yxa4xl9uBlKElL6AIxuASmSfu7KEJhqiw==",
      "requires": {
        "@grpc/proto-loader": "^0.6.0-pre14",
        "@types/node": "^12.12.47",
        "google-auth-library": "^6.0.0",
        "semver": "^6.2.0"
      },
      "dependencies": {
        "@grpc/proto-loader": {
          "version": "0.6.0-pre9",
          "resolved": "https://registry.npmjs.org/@grpc/proto-loader/-/proto-loader-0.6.0-pre9.tgz",
          "integrity": "sha512-oM+LjpEjNzW5pNJjt4/hq1HYayNeQT+eGrOPABJnYHv7TyNPDNzkQ76rDYZF86X5swJOa4EujEMzQ9iiTdPgww==",
          "requires": {
            "@types/long": "^4.0.1",
            "lodash.camelcase": "^4.3.0",
            "long": "^4.0.0",
            "protobufjs": "^6.9.0",
            "yargs": "^15.3.1"
          }
        },
        "semver": {
          "version": "6.3.0",
          "resolved": "https://registry.npmjs.org/semver/-/semver-6.3.0.tgz",
          "integrity": "sha512-b39TBaTSfV6yBrapU89p5fKekE2m/NwnDocOVruQFS1/veMgdzuPcnOM34M6CwxW8jH/lxEa5rBoDeUwu5HHTw=="
        }
      }
    },
    "@grpc/proto-loader": {
      "version": "0.5.5",
      "resolved": "https://registry.npmjs.org/@grpc/proto-loader/-/proto-loader-0.5.5.tgz",
      "integrity": "sha512-WwN9jVNdHRQoOBo9FDH7qU+mgfjPc8GygPYms3M+y3fbQLfnCe/Kv/E01t7JRgnrsOHH8euvSbed3mIalXhwqQ==",
      "requires": {
        "lodash.camelcase": "^4.3.0",
        "protobufjs": "^6.8.6"
      }
    },
    "@opencensus/core": {
      "version": "0.0.22",
      "resolved": "https://registry.npmjs.org/@opencensus/core/-/core-0.0.22.tgz",
      "integrity": "sha512-ErazJtivjceNoOZI1bG9giQ6cWS45J4i6iPUtlp7dLNu58OLs/v+CD0FsaPCh47XgPxAI12vbBE8Ec09ViwHNA==",
      "requires": {
        "continuation-local-storage": "^3.2.1",
        "log-driver": "^1.2.7",
        "semver": "^7.0.0",
        "shimmer": "^1.2.0",
        "uuid": "^8.0.0"
      }
    },
    "@opencensus/propagation-stackdriver": {
      "version": "0.0.22",
      "resolved": "https://registry.npmjs.org/@opencensus/propagation-stackdriver/-/propagation-stackdriver-0.0.22.tgz",
      "integrity": "sha512-eBvf/ihb1mN8Yz/ASkz8nHzuMKqygu77+VNnUeR0yEh3Nj+ykB8VVR6lK+NAFXo1Rd1cOsTmgvuXAZgDAGleQQ==",
      "requires": {
        "@opencensus/core": "^0.0.22",
        "hex2dec": "^1.0.1",
        "uuid": "^8.0.0"
      }
    },
    "@protobufjs/aspromise": {
      "version": "1.1.2",
      "resolved": "https://registry.npmjs.org/@protobufjs/aspromise/-/aspromise-1.1.2.tgz",
      "integrity": "sha1-m4sMxmPWaafY9vXQiToU00jzD78="
    },
    "@protobufjs/base64": {
      "version": "1.1.2",
      "resolved": "https://registry.npmjs.org/@protobufjs/base64/-/base64-1.1.2.tgz",
      "integrity": "sha512-AZkcAA5vnN/v4PDqKyMR5lx7hZttPDgClv83E//FMNhR2TMcLUhfRUBHCmSl0oi9zMgDDqRUJkSxO3wm85+XLg=="
    },
    "@protobufjs/codegen": {
      "version": "2.0.4",
      "resolved": "https://registry.npmjs.org/@protobufjs/codegen/-/codegen-2.0.4.tgz",
      "integrity": "sha512-YyFaikqM5sH0ziFZCN3xDC7zeGaB/d0IUb9CATugHWbd1FRFwWwt4ld4OYMPWu5a3Xe01mGAULCdqhMlPl29Jg=="
    },
    "@protobufjs/eventemitter": {
      "version": "1.1.0",
      "resolved": "https://registry.npmjs.org/@protobufjs/eventemitter/-/eventemitter-1.1.0.tgz",
      "integrity": "sha1-NVy8mLr61ZePntCV85diHx0Ga3A="
    },
    "@protobufjs/fetch": {
      "version": "1.1.0",
      "resolved": "https://registry.npmjs.org/@protobufjs/fetch/-/fetch-1.1.0.tgz",
      "integrity": "sha1-upn7WYYUr2VwDBYZ/wbUVLDYTEU=",
      "requires": {
        "@protobufjs/aspromise": "^1.1.1",
        "@protobufjs/inquire": "^1.1.0"
      }
    },
    "@protobufjs/float": {
      "version": "1.0.2",
      "resolved": "https://registry.npmjs.org/@protobufjs/float/-/float-1.0.2.tgz",
      "integrity": "sha1-Xp4avctz/Ap8uLKR33jIy9l7h9E="
    },
    "@protobufjs/inquire": {
      "version": "1.1.0",
      "resolved": "https://registry.npmjs.org/@protobufjs/inquire/-/inquire-1.1.0.tgz",
      "integrity": "sha1-/yAOPnzyQp4tyvwRQIKOjMY48Ik="
    },
    "@protobufjs/path": {
      "version": "1.1.2",
      "resolved": "https://registry.npmjs.org/@protobufjs/path/-/path-1.1.2.tgz",
      "integrity": "sha1-bMKyDFya1q0NzP0hynZz2Nf79o0="
    },
    "@protobufjs/pool": {
      "version": "1.1.0",
      "resolved": "https://registry.npmjs.org/@protobufjs/pool/-/pool-1.1.0.tgz",
      "integrity": "sha1-Cf0V8tbTq/qbZbw2ZQbWrXhG/1Q="
    },
    "@protobufjs/utf8": {
      "version": "1.1.0",
      "resolved": "https://registry.npmjs.org/@protobufjs/utf8/-/utf8-1.1.0.tgz",
      "integrity": "sha1-p3c2C1s5oaLlEG+OhY8v0tBgxXA="
    },
    "@tootallnate/once": {
      "version": "1.1.2",
      "resolved": "https://registry.npmjs.org/@tootallnate/once/-/once-1.1.2.tgz",
      "integrity": "sha512-RbzJvlNzmRq5c3O09UipeuXno4tA1FE6ikOjxZK0tuxVv3412l64l5t1W5pj4+rJq9vpkm/kwiR07aZXnsKPxw=="
    },
    "@types/long": {
      "version": "4.0.1",
      "resolved": "https://registry.npmjs.org/@types/long/-/long-4.0.1.tgz",
      "integrity": "sha512-5tXH6Bx/kNGd3MgffdmP4dy2Z+G4eaXw0SE81Tq3BNadtnMR5/ySMzX4SLEzHJzSmPNn4HIdpQsBvXMUykr58w=="
    },
    "@types/node": {
      "version": "12.12.68",
      "resolved": "https://registry.npmjs.org/@types/node/-/node-12.12.68.tgz",
      "integrity": "sha512-3RW2s24ewB7F9dAHvgb9FRvNHn6nO9IK6Eaknbz7HTOe2a5GVne5XbUh5+YA+kcCn67glyHhClUUdFP73LWrgQ=="
    },
    "abort-controller": {
      "version": "3.0.0",
      "resolved": "https://registry.npmjs.org/abort-controller/-/abort-controller-3.0.0.tgz",
      "integrity": "sha512-h8lQ8tacZYnR3vNQTgibj+tODHI5/+l06Au2Pcriv/Gmet0eaj4TwWH41sO9wnHDiQsEj19q0drzdWdeAHtweg==",
      "requires": {
        "event-target-shim": "^5.0.0"
      }
    },
    "agent-base": {
      "version": "6.0.1",
      "resolved": "https://registry.npmjs.org/agent-base/-/agent-base-6.0.1.tgz",
      "integrity": "sha512-01q25QQDwLSsyfhrKbn8yuur+JNw0H+0Y4JiGIKd3z9aYk/w/2kxD/Upc+t2ZBBSUNff50VjPsSW2YxM8QYKVg==",
      "requires": {
        "debug": "4"
      }
    },
    "ansi-regex": {
      "version": "5.0.0",
      "resolved": "https://registry.npmjs.org/ansi-regex/-/ansi-regex-5.0.0.tgz",
      "integrity": "sha512-bY6fj56OUQ0hU1KjFNDQuJFezqKdrAyFdIevADiqrWHwSlbmBNMHp5ak2f40Pm8JTFyM2mqxkG6ngkHO11f/lg=="
    },
    "ansi-styles": {
      "version": "4.3.0",
      "resolved": "https://registry.npmjs.org/ansi-styles/-/ansi-styles-4.3.0.tgz",
      "integrity": "sha512-zbB9rCJAT1rbjiVDb2hqKFHNYLxgtk8NURxZ3IZwD3F6NtxbXZQCnnSi1Lkx+IDohdPlFp222wVALIheZJQSEg==",
      "requires": {
        "color-convert": "^2.0.1"
      }
    },
    "arrify": {
      "version": "2.0.1",
      "resolved": "https://registry.npmjs.org/arrify/-/arrify-2.0.1.tgz",
      "integrity": "sha512-3duEwti880xqi4eAMN8AyR4a0ByT90zoYdLlevfrvU43vb0YZwZVfxOgxWrLXXXpyugL0hNZc9G6BiB5B3nUug=="
    },
    "async-listener": {
      "version": "0.6.10",
      "resolved": "https://registry.npmjs.org/async-listener/-/async-listener-0.6.10.tgz",
      "integrity": "sha512-gpuo6xOyF4D5DE5WvyqZdPA3NGhiT6Qf07l7DCB0wwDEsLvDIbCr6j9S5aj5Ch96dLace5tXVzWBZkxU/c5ohw==",
      "requires": {
        "semver": "^5.3.0",
        "shimmer": "^1.1.0"
      },
      "dependencies": {
        "semver": {
          "version": "5.7.1",
          "resolved": "https://registry.npmjs.org/semver/-/semver-5.7.1.tgz",
          "integrity": "sha512-sauaDf/PZdVgrLTNYHRtpXa1iRiKcaebiKQ1BJdpQlWH2lCvexQdX55snPFyK7QzpudqbCI0qXFfOasHdyNDGQ=="
        }
      }
    },
    "base64-js": {
      "version": "1.3.1",
      "resolved": "https://registry.npmjs.org/base64-js/-/base64-js-1.3.1.tgz",
      "integrity": "sha512-mLQ4i2QO1ytvGWFWmcngKO//JXAQueZvwEKtjgQFM4jIK0kU+ytMfplL8j+n5mspOfjHwoAg+9yhb7BwAHm36g=="
    },
    "bignumber.js": {
      "version": "9.0.1",
      "resolved": "https://registry.npmjs.org/bignumber.js/-/bignumber.js-9.0.1.tgz",
      "integrity": "sha512-IdZR9mh6ahOBv/hYGiXyVuyCetmGJhtYkqLBpTStdhEGjegpPlUawydyaF3pbIOFynJTpllEs+NP+CS9jKFLjA=="
    },
    "bs-let": {
      "version": "0.1.16",
      "dev": true
    },
    "bs-platform": {
      "version": "8.3.1",
      "dev": true
    },
    "buffer-equal-constant-time": {
      "version": "1.0.1",
      "resolved": "https://registry.npmjs.org/buffer-equal-constant-time/-/buffer-equal-constant-time-1.0.1.tgz",
      "integrity": "sha1-+OcRMvf/5uAaXJaXpMbz5I1cyBk="
    },
    "camelcase": {
      "version": "5.3.1",
      "resolved": "https://registry.npmjs.org/camelcase/-/camelcase-5.3.1.tgz",
      "integrity": "sha512-L28STB170nwWS63UjtlEOE3dldQApaJXZkOI1uMFfzf3rRuPegHaHesyee+YxQ+W6SvRDQV6UrdOdRiR153wJg=="
    },
    "cliui": {
      "version": "6.0.0",
      "resolved": "https://registry.npmjs.org/cliui/-/cliui-6.0.0.tgz",
      "integrity": "sha512-t6wbgtoCXvAzst7QgXxJYqPt0usEfbgQdftEPbLL/cvv6HPE5VgvqCuAIDR0NgU52ds6rFwqrgakNLrHEjCbrQ==",
      "requires": {
        "string-width": "^4.2.0",
        "strip-ansi": "^6.0.0",
        "wrap-ansi": "^6.2.0"
      }
    },
    "color-convert": {
      "version": "2.0.1",
      "resolved": "https://registry.npmjs.org/color-convert/-/color-convert-2.0.1.tgz",
      "integrity": "sha512-RRECPsj7iu/xb5oKYcsFHSppFNnsj/52OVTRKb4zP5onXwVF3zVmmToNcOfGC+CRDpfK/U584fMg38ZHCaElKQ==",
      "requires": {
        "color-name": "~1.1.4"
      }
    },
    "color-name": {
      "version": "1.1.4",
      "resolved": "https://registry.npmjs.org/color-name/-/color-name-1.1.4.tgz",
      "integrity": "sha512-dOy+3AuW3a2wNbZHIuMZpTcgjGuLU/uBL/ubcZF9OXbDo8ff4O8yVp5Bf0efS8uEoYo5q4Fx7dY9OgQGXgAsQA=="
    },
    "continuation-local-storage": {
      "version": "3.2.1",
      "resolved": "https://registry.npmjs.org/continuation-local-storage/-/continuation-local-storage-3.2.1.tgz",
      "integrity": "sha512-jx44cconVqkCEEyLSKWwkvUXwO561jXMa3LPjTPsm5QR22PA0/mhe33FT4Xb5y74JDvt/Cq+5lm8S8rskLv9ZA==",
      "requires": {
        "async-listener": "^0.6.0",
        "emitter-listener": "^1.1.1"
      }
    },
    "d64": {
      "version": "1.0.0",
      "resolved": "https://registry.npmjs.org/d64/-/d64-1.0.0.tgz",
      "integrity": "sha1-QAKofoUMv8n52XBrYPymE6MzbpA="
    },
    "debug": {
      "version": "4.2.0",
      "resolved": "https://registry.npmjs.org/debug/-/debug-4.2.0.tgz",
      "integrity": "sha512-IX2ncY78vDTjZMFUdmsvIRFY2Cf4FnD0wRs+nQwJU8Lu99/tPFdb0VybiiMTPe3I6rQmwsqQqRBvxU+bZ/I8sg==",
      "requires": {
        "ms": "2.1.2"
      }
    },
    "decamelize": {
      "version": "1.2.0",
      "resolved": "https://registry.npmjs.org/decamelize/-/decamelize-1.2.0.tgz",
      "integrity": "sha1-9lNNFRSCabIDUue+4m9QH5oZEpA="
    },
    "dot-prop": {
      "version": "5.3.0",
      "resolved": "https://registry.npmjs.org/dot-prop/-/dot-prop-5.3.0.tgz",
      "integrity": "sha512-QM8q3zDe58hqUqjraQOmzZ1LIH9SWQJTlEKCH4kJ2oQvLZk7RbQXvtDM2XEq3fwkV9CCvvH4LA0AV+ogFsBM2Q==",
      "requires": {
        "is-obj": "^2.0.0"
      }
    },
    "duplexify": {
      "version": "4.1.1",
      "resolved": "https://registry.npmjs.org/duplexify/-/duplexify-4.1.1.tgz",
      "integrity": "sha512-DY3xVEmVHTv1wSzKNbwoU6nVjzI369Y6sPoqfYr0/xlx3IdX2n94xIszTcjPO8W8ZIv0Wb0PXNcjuZyT4wiICA==",
      "requires": {
        "end-of-stream": "^1.4.1",
        "inherits": "^2.0.3",
        "readable-stream": "^3.1.1",
        "stream-shift": "^1.0.0"
      }
    },
    "ecdsa-sig-formatter": {
      "version": "1.0.11",
      "resolved": "https://registry.npmjs.org/ecdsa-sig-formatter/-/ecdsa-sig-formatter-1.0.11.tgz",
      "integrity": "sha512-nagl3RYrbNv6kQkeJIpt6NJZy8twLB/2vtz6yN9Z4vRKHN4/QZJIEbqohALSgwKdnksuY3k5Addp5lg8sVoVcQ==",
      "requires": {
        "safe-buffer": "^5.0.1"
      }
    },
    "ee-first": {
      "version": "1.1.1",
      "resolved": "https://registry.npmjs.org/ee-first/-/ee-first-1.1.1.tgz",
      "integrity": "sha1-WQxhFWsK4vTwJVcyoViyZrxWsh0="
    },
    "emitter-listener": {
      "version": "1.1.2",
      "resolved": "https://registry.npmjs.org/emitter-listener/-/emitter-listener-1.1.2.tgz",
      "integrity": "sha512-Bt1sBAGFHY9DKY+4/2cV6izcKJUf5T7/gkdmkxzX/qv9CcGH8xSwVRW5mtX03SWJtRTWSOpzCuWN9rBFYZepZQ==",
      "requires": {
        "shimmer": "^1.2.0"
      }
    },
    "emoji-regex": {
      "version": "8.0.0",
      "resolved": "https://registry.npmjs.org/emoji-regex/-/emoji-regex-8.0.0.tgz",
      "integrity": "sha512-MSjYzcWNOA0ewAHpz0MxpYFvwg6yjy1NG3xteoqz644VCo/RPgnr1/GGt+ic3iJTzQ8Eu3TdM14SawnVUmGE6A=="
    },
    "end-of-stream": {
      "version": "1.4.4",
      "resolved": "https://registry.npmjs.org/end-of-stream/-/end-of-stream-1.4.4.tgz",
      "integrity": "sha512-+uw1inIHVPQoaVuHzRyXd21icM+cnt4CzD5rW+NC1wjOUSTOs+Te7FOv7AhN7vS9x/oIyhLP5PR1H+phQAHu5Q==",
      "requires": {
        "once": "^1.4.0"
      }
    },
    "ent": {
      "version": "2.2.0",
      "resolved": "https://registry.npmjs.org/ent/-/ent-2.2.0.tgz",
      "integrity": "sha1-6WQhkyWiHQX0RGai9obtbOX13R0="
    },
    "event-target-shim": {
      "version": "5.0.1",
      "resolved": "https://registry.npmjs.org/event-target-shim/-/event-target-shim-5.0.1.tgz",
      "integrity": "sha512-i/2XbnSz/uxRCU6+NdVJgKWDTM427+MqYbkQzD321DuCQJUqOuJKIA0IM2+W2xtYHdKOmZ4dR6fExsd4SXL+WQ=="
    },
    "eventid": {
      "version": "1.0.0",
      "resolved": "https://registry.npmjs.org/eventid/-/eventid-1.0.0.tgz",
      "integrity": "sha512-4upSDsvpxhWPsmw4fsJCp0zj8S7I0qh1lCDTmZXP8V3TtryQKDI8CgQPN+e5JakbWwzaAX3lrdp2b3KSoMSUpw==",
      "requires": {
        "d64": "^1.0.0",
        "uuid": "^3.0.1"
      },
      "dependencies": {
        "uuid": {
          "version": "3.4.0",
          "resolved": "https://registry.npmjs.org/uuid/-/uuid-3.4.0.tgz",
          "integrity": "sha512-HjSDRw6gZE5JMggctHBcjVak08+KEVhSIiDzFnT9S9aegmp85S/bReBVTb4QTFaRNptJ9kuYaNhnbNEOkbKb/A=="
        }
      }
    },
    "extend": {
      "version": "3.0.2",
      "resolved": "https://registry.npmjs.org/extend/-/extend-3.0.2.tgz",
      "integrity": "sha512-fjquC59cD7CyW6urNXK0FBufkZcoiGG80wTuPujX590cB5Ttln20E2UB4S/WARVqhXffZl2LNgS+gQdPIIim/g=="
    },
    "fast-text-encoding": {
      "version": "1.0.3",
      "resolved": "https://registry.npmjs.org/fast-text-encoding/-/fast-text-encoding-1.0.3.tgz",
      "integrity": "sha512-dtm4QZH9nZtcDt8qJiOH9fcQd1NAgi+K1O2DbE6GG1PPCK/BWfOH3idCTRQ4ImXRUOyopDEgDEnVEE7Y/2Wrig=="
    },
    "find-up": {
      "version": "4.1.0",
      "resolved": "https://registry.npmjs.org/find-up/-/find-up-4.1.0.tgz",
      "integrity": "sha512-PpOwAdQ/YlXQ2vj8a3h8IipDuYRi3wceVQQGYWxNINccq40Anw7BlsEXCMbt1Zt+OLA6Fq9suIpIWD0OsnISlw==",
      "requires": {
        "locate-path": "^5.0.0",
        "path-exists": "^4.0.0"
      }
    },
    "gaxios": {
      "version": "3.2.0",
      "resolved": "https://registry.npmjs.org/gaxios/-/gaxios-3.2.0.tgz",
      "integrity": "sha512-+6WPeVzPvOshftpxJwRi2Ozez80tn/hdtOUag7+gajDHRJvAblKxTFSSMPtr2hmnLy7p0mvYz0rMXLBl8pSO7Q==",
      "requires": {
        "abort-controller": "^3.0.0",
        "extend": "^3.0.2",
        "https-proxy-agent": "^5.0.0",
        "is-stream": "^2.0.0",
        "node-fetch": "^2.3.0"
      }
    },
    "gcp-metadata": {
      "version": "4.2.0",
      "resolved": "https://registry.npmjs.org/gcp-metadata/-/gcp-metadata-4.2.0.tgz",
      "integrity": "sha512-vQZD57cQkqIA6YPGXM/zc+PIZfNRFdukWGsGZ5+LcJzesi5xp6Gn7a02wRJi4eXPyArNMIYpPET4QMxGqtlk6Q==",
      "requires": {
        "gaxios": "^3.0.0",
        "json-bigint": "^1.0.0"
      }
    },
    "get-caller-file": {
      "version": "2.0.5",
      "resolved": "https://registry.npmjs.org/get-caller-file/-/get-caller-file-2.0.5.tgz",
      "integrity": "sha512-DyFP3BM/3YHTQOCUL/w0OZHR0lpKeGrxotcHWcqNEdnltqFwXVfhEBQ94eIo34AfQpo0rGki4cyIiftY06h2Fg=="
    },
    "google-auth-library": {
      "version": "6.1.2",
      "resolved": "https://registry.npmjs.org/google-auth-library/-/google-auth-library-6.1.2.tgz",
      "integrity": "sha512-X9EUX8R+kIpsf55KdSPhFWF0RNyBGuBc1zeYc/5Sjuk65eIYqq91rINJVBD22pp+w/PuM2fasHiA6H2xYjxTIQ==",
      "requires": {
        "arrify": "^2.0.0",
        "base64-js": "^1.3.0",
        "ecdsa-sig-formatter": "^1.0.11",
        "fast-text-encoding": "^1.0.0",
        "gaxios": "^3.0.0",
        "gcp-metadata": "^4.2.0",
        "gtoken": "^5.0.4",
        "jws": "^4.0.0",
        "lru-cache": "^6.0.0"
      }
    },
    "google-gax": {
      "version": "2.9.0",
      "resolved": "https://registry.npmjs.org/google-gax/-/google-gax-2.9.0.tgz",
      "integrity": "sha512-MFMwA7Fb8PEwjnYwfGXjZMidCNyMl3gSnvS/+kS8TQioJZQDpzK+W3dmwyNyig/U13+kbABqDnbkkAXJ5NiUkw==",
      "requires": {
        "@grpc/grpc-js": "~1.1.1",
        "@grpc/proto-loader": "^0.5.1",
        "@types/long": "^4.0.0",
        "abort-controller": "^3.0.0",
        "duplexify": "^4.0.0",
        "google-auth-library": "^6.0.0",
        "is-stream-ended": "^0.1.4",
        "node-fetch": "^2.6.1",
        "protobufjs": "^6.9.0",
        "retry-request": "^4.0.0"
      }
    },
    "google-p12-pem": {
      "version": "3.0.3",
      "resolved": "https://registry.npmjs.org/google-p12-pem/-/google-p12-pem-3.0.3.tgz",
      "integrity": "sha512-wS0ek4ZtFx/ACKYF3JhyGe5kzH7pgiQ7J5otlumqR9psmWMYc+U9cErKlCYVYHoUaidXHdZ2xbo34kB+S+24hA==",
      "requires": {
        "node-forge": "^0.10.0"
      }
    },
    "gtoken": {
      "version": "5.0.4",
      "resolved": "https://registry.npmjs.org/gtoken/-/gtoken-5.0.4.tgz",
      "integrity": "sha512-U9wnSp4GZ7ov6zRdPuRHG4TuqEWqRRgT1gfXGNArhzBUn9byrPeH8uTmBWU/ZiWJJvTEmkjhDIC3mqHWdVi3xQ==",
      "requires": {
        "gaxios": "^3.0.0",
        "google-p12-pem": "^3.0.3",
        "jws": "^4.0.0",
        "mime": "^2.2.0"
      }
    },
    "hex2dec": {
      "version": "1.1.2",
      "resolved": "https://registry.npmjs.org/hex2dec/-/hex2dec-1.1.2.tgz",
      "integrity": "sha512-Yu+q/XWr2fFQ11tHxPq4p4EiNkb2y+lAacJNhAdRXVfRIcDH6gi7htWFnnlIzvqHMHoWeIsfXlNAjZInpAOJDA=="
    },
    "http-proxy-agent": {
      "version": "4.0.1",
      "resolved": "https://registry.npmjs.org/http-proxy-agent/-/http-proxy-agent-4.0.1.tgz",
      "integrity": "sha512-k0zdNgqWTGA6aeIRVpvfVob4fL52dTfaehylg0Y4UvSySvOq/Y+BOyPrgpUrA7HylqvU8vIZGsRuXmspskV0Tg==",
      "requires": {
        "@tootallnate/once": "1",
        "agent-base": "6",
        "debug": "4"
      }
    },
    "https-proxy-agent": {
      "version": "5.0.0",
      "resolved": "https://registry.npmjs.org/https-proxy-agent/-/https-proxy-agent-5.0.0.tgz",
      "integrity": "sha512-EkYm5BcKUGiduxzSt3Eppko+PiNWNEpa4ySk9vTC6wDsQJW9rHSa+UhGNJoRYp7bz6Ht1eaRIa6QaJqO5rCFbA==",
      "requires": {
        "agent-base": "6",
        "debug": "4"
      }
    },
    "inherits": {
      "version": "2.0.4",
      "resolved": "https://registry.npmjs.org/inherits/-/inherits-2.0.4.tgz",
      "integrity": "sha512-k/vGaX4/Yla3WzyMCvTQOXYeIHvqOKtnqBduzTHpzpQZzAskKMhZ2K+EnBiSM9zGSoIFeMpXKxa4dYeZIQqewQ=="
    },
    "is": {
      "version": "3.3.0",
      "resolved": "https://registry.npmjs.org/is/-/is-3.3.0.tgz",
      "integrity": "sha512-nW24QBoPcFGGHJGUwnfpI7Yc5CdqWNdsyHQszVE/z2pKHXzh7FZ5GWhJqSyaQ9wMkQnsTx+kAI8bHlCX4tKdbg=="
    },
    "is-fullwidth-code-point": {
      "version": "3.0.0",
      "resolved": "https://registry.npmjs.org/is-fullwidth-code-point/-/is-fullwidth-code-point-3.0.0.tgz",
      "integrity": "sha512-zymm5+u+sCsSWyD9qNaejV3DFvhCKclKdizYaJUuHA83RLjb7nSuGnddCHGv0hk+KY7BMAlsWeK4Ueg6EV6XQg=="
    },
    "is-obj": {
      "version": "2.0.0",
      "resolved": "https://registry.npmjs.org/is-obj/-/is-obj-2.0.0.tgz",
      "integrity": "sha512-drqDG3cbczxxEJRoOXcOjtdp1J/lyp1mNn0xaznRs8+muBhgQcrnbspox5X5fOw0HnMnbfDzvnEMEtqDEJEo8w=="
    },
    "is-stream": {
      "version": "2.0.0",
      "resolved": "https://registry.npmjs.org/is-stream/-/is-stream-2.0.0.tgz",
      "integrity": "sha512-XCoy+WlUr7d1+Z8GgSuXmpuUFC9fOhRXglJMx+dwLKTkL44Cjd4W1Z5P+BQZpr+cR93aGP4S/s7Ftw6Nd/kiEw=="
    },
    "is-stream-ended": {
      "version": "0.1.4",
      "resolved": "https://registry.npmjs.org/is-stream-ended/-/is-stream-ended-0.1.4.tgz",
      "integrity": "sha512-xj0XPvmr7bQFTvirqnFr50o0hQIh6ZItDqloxt5aJrR4NQsYeSsyFQERYGCAzfindAcnKjINnwEEgLx4IqVzQw=="
    },
    "json-bigint": {
      "version": "1.0.0",
      "resolved": "https://registry.npmjs.org/json-bigint/-/json-bigint-1.0.0.tgz",
      "integrity": "sha512-SiPv/8VpZuWbvLSMtTDU8hEfrZWg/mH/nV/b4o0CYbSxu1UIQPLdwKOCIyLQX+VIPO5vrLX3i8qtqFyhdPSUSQ==",
      "requires": {
        "bignumber.js": "^9.0.0"
      }
    },
    "jwa": {
      "version": "2.0.0",
      "resolved": "https://registry.npmjs.org/jwa/-/jwa-2.0.0.tgz",
      "integrity": "sha512-jrZ2Qx916EA+fq9cEAeCROWPTfCwi1IVHqT2tapuqLEVVDKFDENFw1oL+MwrTvH6msKxsd1YTDVw6uKEcsrLEA==",
      "requires": {
        "buffer-equal-constant-time": "1.0.1",
        "ecdsa-sig-formatter": "1.0.11",
        "safe-buffer": "^5.0.1"
      }
    },
    "jws": {
      "version": "4.0.0",
      "resolved": "https://registry.npmjs.org/jws/-/jws-4.0.0.tgz",
      "integrity": "sha512-KDncfTmOZoOMTFG4mBlG0qUIOlc03fmzH+ru6RgYVZhPkyiy/92Owlt/8UEN+a4TXR1FQetfIpJE8ApdvdVxTg==",
      "requires": {
        "jwa": "^2.0.0",
        "safe-buffer": "^5.0.1"
      }
    },
    "locate-path": {
      "version": "5.0.0",
      "resolved": "https://registry.npmjs.org/locate-path/-/locate-path-5.0.0.tgz",
      "integrity": "sha512-t7hw9pI+WvuwNJXwk5zVHpyhIqzg2qTlklJOf0mVxGSbe3Fp2VieZcduNYjaLDoy6p9uGpQEGWG87WpMKlNq8g==",
      "requires": {
        "p-locate": "^4.1.0"
      }
    },
    "lodash.camelcase": {
      "version": "4.3.0",
      "resolved": "https://registry.npmjs.org/lodash.camelcase/-/lodash.camelcase-4.3.0.tgz",
      "integrity": "sha1-soqmKIorn8ZRA1x3EfZathkDMaY="
    },
    "log-driver": {
      "version": "1.2.7",
      "resolved": "https://registry.npmjs.org/log-driver/-/log-driver-1.2.7.tgz",
      "integrity": "sha512-U7KCmLdqsGHBLeWqYlFA0V0Sl6P08EE1ZrmA9cxjUE0WVqT9qnyVDPz1kzpFEP0jdJuFnasWIfSd7fsaNXkpbg=="
    },
    "long": {
      "version": "4.0.0",
      "resolved": "https://registry.npmjs.org/long/-/long-4.0.0.tgz",
      "integrity": "sha512-XsP+KhQif4bjX1kbuSiySJFNAehNxgLb6hPRGJ9QsUr8ajHkuXGdrHmFUTUUXhDwVX2R5bY4JNZEwbUiMhV+MA=="
    },
    "lru-cache": {
      "version": "6.0.0",
      "resolved": "https://registry.npmjs.org/lru-cache/-/lru-cache-6.0.0.tgz",
      "integrity": "sha512-Jo6dJ04CmSjuznwJSS3pUeWmd/H0ffTlkXXgwZi+eq1UCmqQwCh+eLsYOYCwY991i2Fah4h1BEMCx4qThGbsiA==",
      "requires": {
        "yallist": "^4.0.0"
      }
    },
    "map-obj": {
      "version": "4.1.0",
      "resolved": "https://registry.npmjs.org/map-obj/-/map-obj-4.1.0.tgz",
      "integrity": "sha512-glc9y00wgtwcDmp7GaE/0b0OnxpNJsVf3ael/An6Fe2Q51LLwN1er6sdomLRzz5h0+yMpiYLhWYF5R7HeqVd4g=="
    },
    "mime": {
      "version": "2.4.6",
      "resolved": "https://registry.npmjs.org/mime/-/mime-2.4.6.tgz",
      "integrity": "sha512-RZKhC3EmpBchfTGBVb8fb+RL2cWyw/32lshnsETttkBAyAUXSGHxbEJWWRXc751DrIxG1q04b8QwMbAwkRPpUA=="
    },
    "ms": {
      "version": "2.1.2",
      "resolved": "https://registry.npmjs.org/ms/-/ms-2.1.2.tgz",
      "integrity": "sha512-sGkPx+VjMtmA6MX27oA4FBFELFCZZ4S4XqeGOXCv68tT+jb3vk/RyaKWP0PTKyWtmLSM0b+adUTEvbs1PEaH2w=="
    },
    "node-fetch": {
      "version": "2.6.1",
      "resolved": "https://registry.npmjs.org/node-fetch/-/node-fetch-2.6.1.tgz",
      "integrity": "sha512-V4aYg89jEoVRxRb2fJdAg8FHvI7cEyYdVAh94HH0UIK8oJxUfkjlDQN9RbMx+bEjP7+ggMiFRprSti032Oipxw=="
    },
    "node-forge": {
      "version": "0.10.0",
      "resolved": "https://registry.npmjs.org/node-forge/-/node-forge-0.10.0.tgz",
      "integrity": "sha512-PPmu8eEeG9saEUvI97fm4OYxXVB6bFvyNTyiUOBichBpFG8A1Ljw3bY62+5oOjDEMHRnd0Y7HQ+x7uzxOzC6JA=="
    },
    "on-finished": {
      "version": "2.3.0",
      "resolved": "https://registry.npmjs.org/on-finished/-/on-finished-2.3.0.tgz",
      "integrity": "sha1-IPEzZIGwg811M3mSoWlxqi2QaUc=",
      "requires": {
        "ee-first": "1.1.1"
      }
    },
    "once": {
      "version": "1.4.0",
      "resolved": "https://registry.npmjs.org/once/-/once-1.4.0.tgz",
      "integrity": "sha1-WDsap3WWHUsROsF9nFC6753Xa9E=",
      "requires": {
        "wrappy": "1"
      }
    },
    "p-limit": {
      "version": "2.3.0",
      "resolved": "https://registry.npmjs.org/p-limit/-/p-limit-2.3.0.tgz",
      "integrity": "sha512-//88mFWSJx8lxCzwdAABTJL2MyWB12+eIY7MDL2SqLmAkeKU9qxRvWuSyTjm3FUmpBEMuFfckAIqEaVGUDxb6w==",
      "requires": {
        "p-try": "^2.0.0"
      }
    },
    "p-locate": {
      "version": "4.1.0",
      "resolved": "https://registry.npmjs.org/p-locate/-/p-locate-4.1.0.tgz",
      "integrity": "sha512-R79ZZ/0wAxKGu3oYMlz8jy/kbhsNrS7SKZ7PxEHBgJ5+F2mtFW2fK2cOtBh1cHYkQsbzFV7I+EoRKe6Yt0oK7A==",
      "requires": {
        "p-limit": "^2.2.0"
      }
    },
    "p-try": {
      "version": "2.2.0",
      "resolved": "https://registry.npmjs.org/p-try/-/p-try-2.2.0.tgz",
      "integrity": "sha512-R4nPAVTAU0B9D35/Gk3uJf/7XYbQcyohSKdvAxIRSNghFl4e71hVoGnBNQz9cWaXxO2I10KTC+3jMdvvoKw6dQ=="
    },
    "path-exists": {
      "version": "4.0.0",
      "resolved": "https://registry.npmjs.org/path-exists/-/path-exists-4.0.0.tgz",
      "integrity": "sha512-ak9Qy5Q7jYb2Wwcey5Fpvg2KoAc/ZIhLSLOSBmRmygPsGwkVVt0fZa0qrtMz+m6tJTAHfZQ8FnmB4MG4LWy7/w=="
    },
    "protobufjs": {
      "version": "6.10.1",
      "resolved": "https://registry.npmjs.org/protobufjs/-/protobufjs-6.10.1.tgz",
      "integrity": "sha512-pb8kTchL+1Ceg4lFd5XUpK8PdWacbvV5SK2ULH2ebrYtl4GjJmS24m6CKME67jzV53tbJxHlnNOSqQHbTsR9JQ==",
      "requires": {
        "@protobufjs/aspromise": "^1.1.2",
        "@protobufjs/base64": "^1.1.2",
        "@protobufjs/codegen": "^2.0.4",
        "@protobufjs/eventemitter": "^1.1.0",
        "@protobufjs/fetch": "^1.1.0",
        "@protobufjs/float": "^1.0.2",
        "@protobufjs/inquire": "^1.1.0",
        "@protobufjs/path": "^1.1.2",
        "@protobufjs/pool": "^1.1.0",
        "@protobufjs/utf8": "^1.1.0",
        "@types/long": "^4.0.1",
        "@types/node": "^13.7.0",
        "long": "^4.0.0"
      },
      "dependencies": {
        "@types/node": {
          "version": "13.13.26",
          "resolved": "https://registry.npmjs.org/@types/node/-/node-13.13.26.tgz",
          "integrity": "sha512-+48LLqolaKj/WnIY1crfLseaGQMIDISBy3PTXVOZ7w/PBaRUv+H8t94++atzfoBAvorbUYz6Xq9vh1fHrg33ig=="
        }
      }
    },
    "pump": {
      "version": "3.0.0",
      "resolved": "https://registry.npmjs.org/pump/-/pump-3.0.0.tgz",
      "integrity": "sha512-LwZy+p3SFs1Pytd/jYct4wpv49HiYCqd9Rlc5ZVdk0V+8Yzv6jR5Blk3TRmPL1ft69TxP0IMZGJ+WPFU2BFhww==",
      "requires": {
        "end-of-stream": "^1.1.0",
        "once": "^1.3.1"
      }
    },
    "pumpify": {
      "version": "2.0.1",
      "resolved": "https://registry.npmjs.org/pumpify/-/pumpify-2.0.1.tgz",
      "integrity": "sha512-m7KOje7jZxrmutanlkS1daj1dS6z6BgslzOXmcSEpIlCxM3VJH7lG5QLeck/6hgF6F4crFf01UtQmNsJfweTAw==",
      "requires": {
        "duplexify": "^4.1.1",
        "inherits": "^2.0.3",
        "pump": "^3.0.0"
      }
    },
    "readable-stream": {
      "version": "3.6.0",
      "resolved": "https://registry.npmjs.org/readable-stream/-/readable-stream-3.6.0.tgz",
      "integrity": "sha512-BViHy7LKeTz4oNnkcLJ+lVSL6vpiFeX6/d3oSH8zCW7UxP2onchk+vTGB143xuFjHS3deTgkKoXXymXqymiIdA==",
      "requires": {
        "inherits": "^2.0.3",
        "string_decoder": "^1.1.1",
        "util-deprecate": "^1.0.1"
      }
    },
    "reason-promise": {
      "version": "1.1.2"
    },
    "require-directory": {
      "version": "2.1.1",
      "resolved": "https://registry.npmjs.org/require-directory/-/require-directory-2.1.1.tgz",
      "integrity": "sha1-jGStX9MNqxyXbiNE/+f3kqam30I="
    },
    "require-main-filename": {
      "version": "2.0.0",
      "resolved": "https://registry.npmjs.org/require-main-filename/-/require-main-filename-2.0.0.tgz",
      "integrity": "sha512-NKN5kMDylKuldxYLSUfrbo5Tuzh4hd+2E8NPPX02mZtn1VuREQToYe/ZdlJy+J3uCpfaiGF05e7B8W0iXbQHmg=="
    },
    "retry-request": {
      "version": "4.1.3",
      "resolved": "https://registry.npmjs.org/retry-request/-/retry-request-4.1.3.tgz",
      "integrity": "sha512-QnRZUpuPNgX0+D1xVxul6DbJ9slvo4Rm6iV/dn63e048MvGbUZiKySVt6Tenp04JqmchxjiLltGerOJys7kJYQ==",
      "requires": {
        "debug": "^4.1.1"
      }
    },
    "safe-buffer": {
      "version": "5.2.1",
      "resolved": "https://registry.npmjs.org/safe-buffer/-/safe-buffer-5.2.1.tgz",
      "integrity": "sha512-rp3So07KcdmmKbGvgaNxQSJr7bGVSVk5S9Eq1F+ppbRo70+YeaDxkw5Dd8NPN+GD6bjnYm2VuPuCXmpuYvmCXQ=="
    },
    "semver": {
      "version": "7.3.2",
      "resolved": "https://registry.npmjs.org/semver/-/semver-7.3.2.tgz",
      "integrity": "sha512-OrOb32TeeambH6UrhtShmF7CRDqhL6/5XpPNp2DuRH6+9QLw/orhp72j87v8Qa1ScDkvrrBNpZcDejAirJmfXQ=="
    },
    "set-blocking": {
      "version": "2.0.0",
      "resolved": "https://registry.npmjs.org/set-blocking/-/set-blocking-2.0.0.tgz",
      "integrity": "sha1-BF+XgtARrppoA93TgrJDkrPYkPc="
    },
    "shimmer": {
      "version": "1.2.1",
      "resolved": "https://registry.npmjs.org/shimmer/-/shimmer-1.2.1.tgz",
      "integrity": "sha512-sQTKC1Re/rM6XyFM6fIAGHRPVGvyXfgzIDvzoq608vM+jeyVD0Tu1E6Np0Kc2zAIFWIj963V2800iF/9LPieQw=="
    },
    "snakecase-keys": {
      "version": "3.2.0",
      "resolved": "https://registry.npmjs.org/snakecase-keys/-/snakecase-keys-3.2.0.tgz",
      "integrity": "sha512-WTJ0NhCH/37J+PU3fuz0x5b6TvtWQChTcKPOndWoUy0pteKOe0hrHMzSRsJOWSIP48EQkzUEsgQPmrG3W8pFNQ==",
      "requires": {
        "map-obj": "^4.0.0",
        "to-snake-case": "^1.0.0"
      }
    },
    "stream-events": {
      "version": "1.0.5",
      "resolved": "https://registry.npmjs.org/stream-events/-/stream-events-1.0.5.tgz",
      "integrity": "sha512-E1GUzBSgvct8Jsb3v2X15pjzN1tYebtbLaMg+eBOUOAxgbLoSbT2NS91ckc5lJD1KfLjId+jXJRgo0qnV5Nerg==",
      "requires": {
        "stubs": "^3.0.0"
      }
    },
    "stream-shift": {
      "version": "1.0.1",
      "resolved": "https://registry.npmjs.org/stream-shift/-/stream-shift-1.0.1.tgz",
      "integrity": "sha512-AiisoFqQ0vbGcZgQPY1cdP2I76glaVA/RauYR4G4thNFgkTqr90yXTo4LYX60Jl+sIlPNHHdGSwo01AvbKUSVQ=="
    },
    "string-width": {
      "version": "4.2.0",
      "resolved": "https://registry.npmjs.org/string-width/-/string-width-4.2.0.tgz",
      "integrity": "sha512-zUz5JD+tgqtuDjMhwIg5uFVV3dtqZ9yQJlZVfq4I01/K5Paj5UHj7VyrQOJvzawSVlKpObApbfD0Ed6yJc+1eg==",
      "requires": {
        "emoji-regex": "^8.0.0",
        "is-fullwidth-code-point": "^3.0.0",
        "strip-ansi": "^6.0.0"
      }
    },
    "string_decoder": {
      "version": "1.3.0",
      "resolved": "https://registry.npmjs.org/string_decoder/-/string_decoder-1.3.0.tgz",
      "integrity": "sha512-hkRX8U1WjJFd8LsDJ2yQ/wWWxaopEsABU1XfkM8A+j0+85JAGppt16cr1Whg6KIbb4okU6Mql6BOj+uup/wKeA==",
      "requires": {
        "safe-buffer": "~5.2.0"
      }
    },
    "strip-ansi": {
      "version": "6.0.0",
      "resolved": "https://registry.npmjs.org/strip-ansi/-/strip-ansi-6.0.0.tgz",
      "integrity": "sha512-AuvKTrTfQNYNIctbR1K/YGTR1756GycPsg7b9bdV9Duqur4gv6aKqHXah67Z8ImS7WEz5QVcOtlfW2rZEugt6w==",
      "requires": {
        "ansi-regex": "^5.0.0"
      }
    },
    "stubs": {
      "version": "3.0.0",
      "resolved": "https://registry.npmjs.org/stubs/-/stubs-3.0.0.tgz",
      "integrity": "sha1-6NK6H6nJBXAwPAMLaQD31fiavls="
    },
    "teeny-request": {
      "version": "7.0.1",
      "resolved": "https://registry.npmjs.org/teeny-request/-/teeny-request-7.0.1.tgz",
      "integrity": "sha512-sasJmQ37klOlplL4Ia/786M5YlOcoLGQyq2TE4WHSRupbAuDaQW0PfVxV4MtdBtRJ4ngzS+1qim8zP6Zp35qCw==",
      "requires": {
        "http-proxy-agent": "^4.0.0",
        "https-proxy-agent": "^5.0.0",
        "node-fetch": "^2.6.1",
        "stream-events": "^1.0.5",
        "uuid": "^8.0.0"
      }
    },
    "through2": {
      "version": "4.0.2",
      "resolved": "https://registry.npmjs.org/through2/-/through2-4.0.2.tgz",
      "integrity": "sha512-iOqSav00cVxEEICeD7TjLB1sueEL+81Wpzp2bY17uZjZN0pWZPuo4suZ/61VujxmqSGFfgOcNuTZ85QJwNZQpw==",
      "requires": {
        "readable-stream": "3"
      }
    },
    "to-no-case": {
      "version": "1.0.2",
      "resolved": "https://registry.npmjs.org/to-no-case/-/to-no-case-1.0.2.tgz",
      "integrity": "sha1-xyKQcWTvaxeBMsjmmTAhLRtKoWo="
    },
    "to-snake-case": {
      "version": "1.0.0",
      "resolved": "https://registry.npmjs.org/to-snake-case/-/to-snake-case-1.0.0.tgz",
      "integrity": "sha1-znRpE4l5RgGah+Yu366upMYIq4w=",
      "requires": {
        "to-space-case": "^1.0.0"
      }
    },
    "to-space-case": {
      "version": "1.0.0",
      "resolved": "https://registry.npmjs.org/to-space-case/-/to-space-case-1.0.0.tgz",
      "integrity": "sha1-sFLar7Gysp3HcM6gFj5ewOvJ/Bc=",
      "requires": {
        "to-no-case": "^1.0.0"
      }
    },
    "type-fest": {
      "version": "0.17.0",
      "resolved": "https://registry.npmjs.org/type-fest/-/type-fest-0.17.0.tgz",
      "integrity": "sha512-EFi9HE4hHj85XnVV80uAUMgICQmhxYgiEvtmfpcD6jqn6zYr36HxAU6k+i/DSY28TK7/lYL0s4v/kWmiKdqaoA=="
    },
    "util-deprecate": {
      "version": "1.0.2",
      "resolved": "https://registry.npmjs.org/util-deprecate/-/util-deprecate-1.0.2.tgz",
      "integrity": "sha1-RQ1Nyfpw3nMnYvvS1KKJgUGaDM8="
    },
    "uuid": {
      "version": "8.3.1",
      "resolved": "https://registry.npmjs.org/uuid/-/uuid-8.3.1.tgz",
      "integrity": "sha512-FOmRr+FmWEIG8uhZv6C2bTgEVXsHk08kE7mPlrBbEe+c3r9pjceVPgupIfNIhc4yx55H69OXANrUaSuu9eInKg=="
    },
    "which-module": {
      "version": "2.0.0",
      "resolved": "https://registry.npmjs.org/which-module/-/which-module-2.0.0.tgz",
      "integrity": "sha1-2e8H3Od7mQK4o6j6SzHD4/fm6Ho="
    },
    "wrap-ansi": {
      "version": "6.2.0",
      "resolved": "https://registry.npmjs.org/wrap-ansi/-/wrap-ansi-6.2.0.tgz",
      "integrity": "sha512-r6lPcBGxZXlIcymEu7InxDMhdW0KDxpLgoFLcguasxCaJ/SOIZwINatK9KY/tf+ZrlywOKU0UDj3ATXUBfxJXA==",
      "requires": {
        "ansi-styles": "^4.0.0",
        "string-width": "^4.1.0",
        "strip-ansi": "^6.0.0"
      }
    },
    "wrappy": {
      "version": "1.0.2",
      "resolved": "https://registry.npmjs.org/wrappy/-/wrappy-1.0.2.tgz",
      "integrity": "sha1-tSQ9jz7BqjXxNkYFvA0QNuMKtp8="
    },
    "y18n": {
      "version": "4.0.0",
      "resolved": "https://registry.npmjs.org/y18n/-/y18n-4.0.0.tgz",
      "integrity": "sha512-r9S/ZyXu/Xu9q1tYlpsLIsa3EeLXXk0VwlxqTcFRfg9EhMW+17kbt9G0NrgCmhGb5vT2hyhJZLfDGx+7+5Uj/w=="
    },
    "yallist": {
      "version": "4.0.0",
      "resolved": "https://registry.npmjs.org/yallist/-/yallist-4.0.0.tgz",
      "integrity": "sha512-3wdGidZyq5PB084XLES5TpOSRA3wjXAlIWMhum2kRcv/41Sn2emQ0dycQW4uZXLejwKvg6EsvbdlVL+FYEct7A=="
    },
    "yargs": {
      "version": "15.4.1",
      "resolved": "https://registry.npmjs.org/yargs/-/yargs-15.4.1.tgz",
      "integrity": "sha512-aePbxDmcYW++PaqBsJ+HYUFwCdv4LVvdnhBy78E57PIor8/OVvhMrADFFEDh8DHDFRv/O9i3lPhsENjO7QX0+A==",
      "requires": {
        "cliui": "^6.0.0",
        "decamelize": "^1.2.0",
        "find-up": "^4.1.0",
        "get-caller-file": "^2.0.1",
        "require-directory": "^2.1.1",
        "require-main-filename": "^2.0.0",
        "set-blocking": "^2.0.0",
        "string-width": "^4.2.0",
        "which-module": "^2.0.0",
        "y18n": "^4.0.0",
        "yargs-parser": "^18.1.2"
      }
    },
    "yargs-parser": {
      "version": "18.1.3",
      "resolved": "https://registry.npmjs.org/yargs-parser/-/yargs-parser-18.1.3.tgz",
      "integrity": "sha512-o50j0JeToy/4K6OZcaQmW6lyXXKhq7csREXcDwk2omFPJEwUNOVtJKvmDr9EI1fAJZUyZcRF7kxGBWmRXudrCQ==",
      "requires": {
        "camelcase": "^5.0.0",
        "decamelize": "^1.2.0"
      }
    }
  }
}
